
Microsoft Visual Studio Solution File, Format Version 12.00
# Visual Studio Version 17
VisualStudioVersion = 17.2.32630.192
MinimumVisualStudioVersion = 10.0.40219.1
Project("{FAE04EC0-301F-11D3-BF4B-00C04F79EFBC}") = "layers", "layers\layers.csproj", "{7B64D00F-0B33-4955-AC0E-1A9F3AEC7C00}"
EndProject
Project("{FAE04EC0-301F-11D3-BF4B-00C04F79EFBC}") = "Models", "Models\Models.csproj", "{59A3058E-DDB0-4169-90E8-B611C2CEDE45}"
EndProject
Project("{FAE04EC0-301F-11D3-BF4B-00C04F79EFBC}") = "DAL", "DAL\DAL.csproj", "{C6DB6CFF-8CE4-4FEB-9250-9631C273552F}"
EndProject
Project("{FAE04EC0-301F-11D3-BF4B-00C04F79EFBC}") = "Service", "Service\Service.csproj", "{C8D25A51-8733-4597-B48C-3F44387C44A9}"
EndProject
Global
	GlobalSection(SolutionConfigurationPlatforms) = preSolution
		Debug|Any CPU = Debug|Any CPU
		Release|Any CPU = Release|Any CPU
	EndGlobalSection
	GlobalSection(ProjectConfigurationPlatforms) = postSolution
		{7B64D00F-0B33-4955-AC0E-1A9F3AEC7C00}.Debug|Any CPU.ActiveCfg = Debug|Any CPU
		{7B64D00F-0B33-4955-AC0E-1A9F3AEC7C00}.Debug|Any CPU.Build.0 = Debug|Any CPU
		{7B64D00F-0B33-4955-AC0E-1A9F3AEC7C00}.Release|Any CPU.ActiveCfg = Release|Any CPU
		{7B64D00F-0B33-4955-AC0E-1A9F3AEC7C00}.Release|Any CPU.Build.0 = Release|Any CPU
		{59A3058E-DDB0-4169-90E8-B611C2CEDE45}.Debug|Any CPU.ActiveCfg = Debug|Any CPU
		{59A3058E-DDB0-4169-90E8-B611C2CEDE45}.Debug|Any CPU.Build.0 = Debug|Any CPU
		{59A3058E-DDB0-4169-90E8-B611C2CEDE45}.Release|Any CPU.ActiveCfg = Release|Any CPU
		{59A3058E-DDB0-4169-90E8-B611C2CEDE45}.Release|Any CPU.Build.0 = Release|Any CPU
		{C6DB6CFF-8CE4-4FEB-9250-9631C273552F}.Debug|Any CPU.ActiveCfg = Debug|Any CPU
		{C6DB6CFF-8CE4-4FEB-9250-9631C273552F}.Debug|Any CPU.Build.0 = Debug|Any CPU
		{C6DB6CFF-8CE4-4FEB-9250-9631C273552F}.Release|Any CPU.ActiveCfg = Release|Any CPU
		{C6DB6CFF-8CE4-4FEB-9250-9631C273552F}.Release|Any CPU.Build.0 = Release|Any CPU
		{C8D25A51-8733-4597-B48C-3F44387C44A9}.Debug|Any CPU.ActiveCfg = Debug|Any CPU
		{C8D25A51-8733-4597-B48C-3F44387C44A9}.Debug|Any CPU.Build.0 = Debug|Any CPU
		{C8D25A51-8733-4597-B48C-3F44387C44A9}.Release|Any CPU.ActiveCfg = Release|Any CPU
		{C8D25A51-8733-4597-B48C-3F44387C44A9}.Release|Any CPU.Build.0 = Release|Any CPU
	EndGlobalSection
	GlobalSection(SolutionProperties) = preSolution
		HideSolutionNode = FALSE
	EndGlobalSection
	GlobalSection(ExtensibilityGlobals) = postSolution
		SolutionGuid = {8BE359D8-D096-450D-A155-90505C6F4C85}
	EndGlobalSection
EndGlobal
